# This file is automatically @generated by Cargo.
# It is not intended for manual editing.
version = 4

[[package]]
name = "anstream"
version = "0.6.21"
source = "registry+https://github.com/rust-lang/crates.io-index"
checksum = "43d5b281e737544384e969a5ccad3f1cdd24b48086a0fc1b2a5262a26b8f4f4a"
dependencies = [
 "anstyle",
 "anstyle-parse",
 "anstyle-query",
 "anstyle-wincon",
 "colorchoice",
 "is_terminal_polyfill",
 "utf8parse",
]

[[package]]
name = "anstyle"
version = "1.0.13"
source = "registry+https://github.com/rust-lang/crates.io-index"
checksum = "5192cca8006f1fd4f7237516f40fa183bb07f8fbdfedaa0036de5ea9b0b45e78"

[[package]]
name = "anstyle-parse"
version = "0.2.7"
source = "registry+https://github.com/rust-lang/crates.io-index"
checksum = "4e7644824f0aa2c7b9384579234ef10eb7efb6a0deb83f9630a49594dd9c15c2"
dependencies = [
 "utf8parse",
]

[[package]]
name = "anstyle-query"
version = "1.1.4"
source = "registry+https://github.com/rust-lang/crates.io-index"
checksum = "9e231f6134f61b71076a3eab506c379d4f36122f2af15a9ff04415ea4c3339e2"
dependencies = [
 "windows-sys",
]

[[package]]
name = "anstyle-wincon"
version = "3.0.10"
source = "registry+https://github.com/rust-lang/crates.io-index"
checksum = "3e0633414522a32ffaac8ac6cc8f748e090c5717661fddeea04219e2344f5f2a"
dependencies = [
 "anstyle",
 "once_cell_polyfill",
 "windows-sys",
]

[[package]]
name = "clap"
version = "4.5.48"
source = "registry+https://github.com/rust-lang/crates.io-index"
checksum = "e2134bb3ea021b78629caa971416385309e0131b351b25e01dc16fb54e1b5fae"
dependencies = [
 "clap_builder",
 "clap_derive",
]

[[package]]
name = "clap_builder"
version = "4.5.48"
source = "registry+https://github.com/rust-lang/crates.io-index"
checksum = "c2ba64afa3c0a6df7fa517765e31314e983f51dda798ffba27b988194fb65dc9"
dependencies = [
 "anstream",
 "anstyle",
 "clap_lex",
 "strsim",
]

[[package]]
name = "clap_derive"
version = "4.5.47"
source = "registry+https://github.com/rust-lang/crates.io-index"
checksum = "bbfd7eae0b0f1a6e63d4b13c9c478de77c2eb546fba158ad50b4203dc24b9f9c"
dependencies = [
 "heck",
 "proc-macro2",
 "quote",
 "syn",
]

[[package]]
name = "clap_lex"
version = "0.7.5"
source = "registry+https://github.com/rust-lang/crates.io-index"
checksum = "b94f61472cee1439c0b966b47e3aca9ae07e45d070759512cd390ea2bebc6675"

[[package]]
name = "colorchoice"
version = "1.0.4"
source = "registry+https://github.com/rust-lang/crates.io-index"
checksum = "b05b61dc5112cbb17e4b6cd61790d9845d13888356391624cbe7e41efeac1e75"

[[package]]
name = "dalfox"
version = "0.1.0"
dependencies = [
 "clap",
]

[[package]]
name = "heck"
version = "0.5.0"
source = "registry+https://github.com/rust-lang/crates.io-index"
checksum = "2304e00983f87ffb38b55b444b5e3b60a884b5d30c0fca7d82fe33449bbe55ea"

[[package]]
name = "is_terminal_polyfill"
version = "1.70.1"
source = "registry+https://github.com/rust-lang/crates.io-index"
checksum = "7943c866cc5cd64cbc25b2e01621d07fa8eb2a1a23160ee81ce38704e97b8ecf"

[[package]]
name = "once_cell_polyfill"
version = "1.70.1"
source = "registry+https://github.com/rust-lang/crates.io-index"
checksum = "a4895175b425cb1f87721b59f0f286c2092bd4af812243672510e1ac53e2e0ad"

[[package]]
name = "proc-macro2"
version = "1.0.101"
source = "registry+https://github.com/rust-lang/crates.io-index"
checksum = "89ae43fd86e4158d6db51ad8e2b80f313af9cc74f5c0e03ccb87de09998732de"
dependencies = [
 "unicode-ident",
]

[[package]]
name = "quote"
version = "1.0.41"
source = "registry+https://github.com/rust-lang/crates.io-index"
checksum = "ce25767e7b499d1b604768e7cde645d14cc8584231ea6b295e9c9eb22c02e1d1"
dependencies = [
 "proc-macro2",
]

[[package]]
name = "strsim"
version = "0.11.1"
source = "registry+https://github.com/rust-lang/crates.io-index"
checksum = "7da8b5736845d9f2fcb837ea5d9e2628564b3b043a70948a3f0b778838c5fb4f"

[[package]]
name = "syn"
version = "2.0.106"
source = "registry+https://github.com/rust-lang/crates.io-index"
checksum = "ede7c438028d4436d71104916910f5bb611972c5cfd7f89b8300a8186e6fada6"
dependencies = [
 "proc-macro2",
 "quote",
 "unicode-ident",
]

[[package]]
name = "unicode-ident"
version = "1.0.19"
source = "registry+https://github.com/rust-lang/crates.io-index"
checksum = "f63a545481291138910575129486daeaf8ac54aee4387fe7906919f7830c7d9d"

[[package]]
name = "utf8parse"
version = "0.2.2"
source = "registry+https://github.com/rust-lang/crates.io-index"
checksum = "06abde3611657adf66d383f00b093d7faecc7fa57071cce2578660c9f1010821"

[[package]]
name = "windows-link"
version = "0.2.0"
source = "registry+https://github.com/rust-lang/crates.io-index"
checksum = "45e46c0661abb7180e7b9c281db115305d49ca1709ab8242adf09666d2173c65"

[[package]]
name = "windows-sys"
version = "0.60.2"
source = "registry+https://github.com/rust-lang/crates.io-index"
checksum = "f2f500e4d28234f72040990ec9d39e3a6b950f9f22d3dba18416c35882612bcb"
dependencies = [
 "windows-targets",
]

[[package]]
name = "windows-targets"
version = "0.53.4"
source = "registry+https://github.com/rust-lang/crates.io-index"
checksum = "2d42b7b7f66d2a06854650af09cfdf8713e427a439c97ad65a6375318033ac4b"
dependencies = [
 "windows-link",
 "windows_aarch64_gnullvm",
 "windows_aarch64_msvc",
 "windows_i686_gnu",
 "windows_i686_gnullvm",
 "windows_i686_msvc",
 "windows_x86_64_gnu",
 "windows_x86_64_gnullvm",
 "windows_x86_64_msvc",
]

[[package]]
name = "windows_aarch64_gnullvm"
version = "0.53.0"
source = "registry+https://github.com/rust-lang/crates.io-index"
checksum = "86b8d5f90ddd19cb4a147a5fa63ca848db3df085e25fee3cc10b39b6eebae764"

[[package]]
name = "windows_aarch64_msvc"
version = "0.53.0"
source = "registry+https://github.com/rust-lang/crates.io-index"
checksum = "c7651a1f62a11b8cbd5e0d42526e55f2c99886c77e007179efff86c2b137e66c"

[[package]]
name = "windows_i686_gnu"
version = "0.53.0"
source = "registry+https://github.com/rust-lang/crates.io-index"
checksum = "c1dc67659d35f387f5f6c479dc4e28f1d4bb90ddd1a5d3da2e5d97b42d6272c3"

[[package]]
name = "windows_i686_gnullvm"
version = "0.53.0"
source = "registry+https://github.com/rust-lang/crates.io-index"
checksum = "9ce6ccbdedbf6d6354471319e781c0dfef054c81fbc7cf83f338a4296c0cae11"

[[package]]
name = "windows_i686_msvc"
version = "0.53.0"
source = "registry+https://github.com/rust-lang/crates.io-index"
checksum = "581fee95406bb13382d2f65cd4a908ca7b1e4c2f1917f143ba16efe98a589b5d"

[[package]]
name = "windows_x86_64_gnu"
version = "0.53.0"
source = "registry+https://github.com/rust-lang/crates.io-index"
checksum = "2e55b5ac9ea33f2fc1716d1742db15574fd6fc8dadc51caab1c16a3d3b4190ba"

[[package]]
name = "windows_x86_64_gnullvm"
version = "0.53.0"
source = "registry+https://github.com/rust-lang/crates.io-index"
checksum = "0a6e035dd0599267ce1ee132e51c27dd29437f63325753051e71dd9e42406c57"

[[package]]
name = "windows_x86_64_msvc"
version = "0.53.0"
source = "registry+https://github.com/rust-lang/crates.io-index"
checksum = "271414315aff87387382ec3d271b52d7ae78726f5d44ac98b4f4030c91880486"
